
Microsoft Visual Studio Solution File, Format Version 12.00
# Visual Studio Version 17
VisualStudioVersion = 17.0.31903.59
MinimumVisualStudioVersion = 10.0.40219.1
Project("{9A19103F-16F7-4668-BE54-9A1E7A4F7556}") = "Blog.WebApi", "Blog.WebApi\Blog.WebApi.csproj", "{52DF729F-0A4A-4442-9D12-16C7C10A624C}"
EndProject
Project("{9A19103F-16F7-4668-BE54-9A1E7A4F7556}") = "Blog.Services", "Blog.Services\Blog.Services.csproj", "{3A1AA07A-4223-4BE5-8E78-274D5619C2FE}"
EndProject
Project("{9A19103F-16F7-4668-BE54-9A1E7A4F7556}") = "Blog.Domain", "Blog.Domain\Blog.Domain.csproj", "{5129B54E-B308-408A-AB52-859B0C3CF44C}"
EndProject
Project("{9A19103F-16F7-4668-BE54-9A1E7A4F7556}") = "Blog.Models", "Blog.Models\Blog.Models.csproj", "{37CFBEC2-5572-4950-A451-93DC025CD9C6}"
EndProject
Project("{9A19103F-16F7-4668-BE54-9A1E7A4F7556}") = "Blog.IServices", "Blog.IServices\Blog.IServices.csproj", "{DD2105BE-DD0E-4104-923D-D543F9FC7250}"
EndProject
Project("{9A19103F-16F7-4668-BE54-9A1E7A4F7556}") = "Blog.Domain.Tests", "Blog.Domain.Tests\Blog.Domain.Tests.csproj", "{BB49D310-CABA-44B9-ACDD-ECEB13D0451B}"
EndProject
Project("{9A19103F-16F7-4668-BE54-9A1E7A4F7556}") = "Blog.WebApi.Test", "Blog.WebApi.Test\Blog.WebApi.Test.csproj", "{77AB8124-DB59-46B0-A6BB-988830192BF2}"
EndProject
Project("{FAE04EC0-301F-11D3-BF4B-00C04F79EFBC}") = "Blog.DataAccess", "Blog.DataAccess\Blog.DataAccess.csproj", "{423C02C8-FAB1-4BBD-B297-31059AF5809B}"
EndProject
Project("{FAE04EC0-301F-11D3-BF4B-00C04F79EFBC}") = "Blog.IDataAccess", "Blog.IDataAccess\Blog.IDataAccess.csproj", "{DD912D01-1FC9-425D-AEDF-8DCCED4B5276}"
EndProject
Project("{FAE04EC0-301F-11D3-BF4B-00C04F79EFBC}") = "Blog.Factory", "Blog.Factory\Blog.Factory.csproj", "{A4901D2F-D084-433C-A360-2AA86F34FA0E}"
EndProject
Project("{FAE04EC0-301F-11D3-BF4B-00C04F79EFBC}") = "Blog.DataAccess.Test", "Blog.DataAccess.Test\Blog.DataAccess.Test.csproj", "{34A78F1B-A434-4721-8099-18F33002C40B}"
EndProject
Project("{FAE04EC0-301F-11D3-BF4B-00C04F79EFBC}") = "Blog.Services.Test", "Blog.Services.Test\Blog.Services.Test.csproj", "{A456CB86-06BD-4D42-9E0E-98D12DD5DFE2}"
EndProject
Global
	GlobalSection(SolutionConfigurationPlatforms) = preSolution
		Debug|Any CPU = Debug|Any CPU
		Release|Any CPU = Release|Any CPU
	EndGlobalSection
	GlobalSection(ProjectConfigurationPlatforms) = postSolution
		{52DF729F-0A4A-4442-9D12-16C7C10A624C}.Debug|Any CPU.ActiveCfg = Debug|Any CPU
		{52DF729F-0A4A-4442-9D12-16C7C10A624C}.Debug|Any CPU.Build.0 = Debug|Any CPU
		{52DF729F-0A4A-4442-9D12-16C7C10A624C}.Release|Any CPU.ActiveCfg = Release|Any CPU
		{52DF729F-0A4A-4442-9D12-16C7C10A624C}.Release|Any CPU.Build.0 = Release|Any CPU
		{3A1AA07A-4223-4BE5-8E78-274D5619C2FE}.Debug|Any CPU.ActiveCfg = Debug|Any CPU
		{3A1AA07A-4223-4BE5-8E78-274D5619C2FE}.Debug|Any CPU.Build.0 = Debug|Any CPU
		{3A1AA07A-4223-4BE5-8E78-274D5619C2FE}.Release|Any CPU.ActiveCfg = Release|Any CPU
		{3A1AA07A-4223-4BE5-8E78-274D5619C2FE}.Release|Any CPU.Build.0 = Release|Any CPU
		{5129B54E-B308-408A-AB52-859B0C3CF44C}.Debug|Any CPU.ActiveCfg = Debug|Any CPU
		{5129B54E-B308-408A-AB52-859B0C3CF44C}.Debug|Any CPU.Build.0 = Debug|Any CPU
		{5129B54E-B308-408A-AB52-859B0C3CF44C}.Release|Any CPU.ActiveCfg = Release|Any CPU
		{5129B54E-B308-408A-AB52-859B0C3CF44C}.Release|Any CPU.Build.0 = Release|Any CPU
		{37CFBEC2-5572-4950-A451-93DC025CD9C6}.Debug|Any CPU.ActiveCfg = Debug|Any CPU
		{37CFBEC2-5572-4950-A451-93DC025CD9C6}.Debug|Any CPU.Build.0 = Debug|Any CPU
		{37CFBEC2-5572-4950-A451-93DC025CD9C6}.Release|Any CPU.ActiveCfg = Release|Any CPU
		{37CFBEC2-5572-4950-A451-93DC025CD9C6}.Release|Any CPU.Build.0 = Release|Any CPU
		{DD2105BE-DD0E-4104-923D-D543F9FC7250}.Debug|Any CPU.ActiveCfg = Debug|Any CPU
		{DD2105BE-DD0E-4104-923D-D543F9FC7250}.Debug|Any CPU.Build.0 = Debug|Any CPU
		{DD2105BE-DD0E-4104-923D-D543F9FC7250}.Release|Any CPU.ActiveCfg = Release|Any CPU
		{DD2105BE-DD0E-4104-923D-D543F9FC7250}.Release|Any CPU.Build.0 = Release|Any CPU
		{BB49D310-CABA-44B9-ACDD-ECEB13D0451B}.Debug|Any CPU.ActiveCfg = Debug|Any CPU
		{BB49D310-CABA-44B9-ACDD-ECEB13D0451B}.Debug|Any CPU.Build.0 = Debug|Any CPU
		{BB49D310-CABA-44B9-ACDD-ECEB13D0451B}.Release|Any CPU.ActiveCfg = Release|Any CPU
		{BB49D310-CABA-44B9-ACDD-ECEB13D0451B}.Release|Any CPU.Build.0 = Release|Any CPU
		{77AB8124-DB59-46B0-A6BB-988830192BF2}.Debug|Any CPU.ActiveCfg = Debug|Any CPU
		{77AB8124-DB59-46B0-A6BB-988830192BF2}.Debug|Any CPU.Build.0 = Debug|Any CPU
		{77AB8124-DB59-46B0-A6BB-988830192BF2}.Release|Any CPU.ActiveCfg = Release|Any CPU
		{77AB8124-DB59-46B0-A6BB-988830192BF2}.Release|Any CPU.Build.0 = Release|Any CPU
		{423C02C8-FAB1-4BBD-B297-31059AF5809B}.Debug|Any CPU.ActiveCfg = Debug|Any CPU
		{423C02C8-FAB1-4BBD-B297-31059AF5809B}.Debug|Any CPU.Build.0 = Debug|Any CPU
		{423C02C8-FAB1-4BBD-B297-31059AF5809B}.Release|Any CPU.ActiveCfg = Release|Any CPU
		{423C02C8-FAB1-4BBD-B297-31059AF5809B}.Release|Any CPU.Build.0 = Release|Any CPU
		{DD912D01-1FC9-425D-AEDF-8DCCED4B5276}.Debug|Any CPU.ActiveCfg = Debug|Any CPU
		{DD912D01-1FC9-425D-AEDF-8DCCED4B5276}.Debug|Any CPU.Build.0 = Debug|Any CPU
		{DD912D01-1FC9-425D-AEDF-8DCCED4B5276}.Release|Any CPU.ActiveCfg = Release|Any CPU
		{DD912D01-1FC9-425D-AEDF-8DCCED4B5276}.Release|Any CPU.Build.0 = Release|Any CPU
		{A4901D2F-D084-433C-A360-2AA86F34FA0E}.Debug|Any CPU.ActiveCfg = Debug|Any CPU
		{A4901D2F-D084-433C-A360-2AA86F34FA0E}.Debug|Any CPU.Build.0 = Debug|Any CPU
		{A4901D2F-D084-433C-A360-2AA86F34FA0E}.Release|Any CPU.ActiveCfg = Release|Any CPU
		{A4901D2F-D084-433C-A360-2AA86F34FA0E}.Release|Any CPU.Build.0 = Release|Any CPU
		{34A78F1B-A434-4721-8099-18F33002C40B}.Debug|Any CPU.ActiveCfg = Debug|Any CPU
		{34A78F1B-A434-4721-8099-18F33002C40B}.Debug|Any CPU.Build.0 = Debug|Any CPU
		{34A78F1B-A434-4721-8099-18F33002C40B}.Release|Any CPU.ActiveCfg = Release|Any CPU
		{34A78F1B-A434-4721-8099-18F33002C40B}.Release|Any CPU.Build.0 = Release|Any CPU
		{A456CB86-06BD-4D42-9E0E-98D12DD5DFE2}.Debug|Any CPU.ActiveCfg = Debug|Any CPU
		{A456CB86-06BD-4D42-9E0E-98D12DD5DFE2}.Debug|Any CPU.Build.0 = Debug|Any CPU
		{A456CB86-06BD-4D42-9E0E-98D12DD5DFE2}.Release|Any CPU.ActiveCfg = Release|Any CPU
		{A456CB86-06BD-4D42-9E0E-98D12DD5DFE2}.Release|Any CPU.Build.0 = Release|Any CPU
	EndGlobalSection
	GlobalSection(SolutionProperties) = preSolution
		HideSolutionNode = FALSE
	EndGlobalSection
	GlobalSection(ExtensibilityGlobals) = postSolution
		SolutionGuid = {E45C992B-C797-4EB3-BFA5-01934772B4F1}
	EndGlobalSection
EndGlobal
